
Microsoft Visual Studio Solution File, Format Version 12.00
# Visual Studio Version 16
VisualStudioVersion = 16.0.29613.14
MinimumVisualStudioVersion = 10.0.40219.1
Project("{FAE04EC0-301F-11D3-BF4B-00C04F79EFBC}") = "Anons Yap", "Anons Yap.csproj", "{28D6AE2A-0C70-4C40-927C-650E95DE4A36}"
EndProject
Global
	GlobalSection(SolutionConfigurationPlatforms) = preSolution
		Debug|Any CPU = Debug|Any CPU
		Release|Any CPU = Release|Any CPU
	EndGlobalSection
	GlobalSection(ProjectConfigurationPlatforms) = postSolution
		{28D6AE2A-0C70-4C40-927C-650E95DE4A36}.Debug|Any CPU.ActiveCfg = Debug|Any CPU
		{28D6AE2A-0C70-4C40-927C-650E95DE4A36}.Debug|Any CPU.Build.0 = Debug|Any CPU
		{28D6AE2A-0C70-4C40-927C-650E95DE4A36}.Release|Any CPU.ActiveCfg = Release|Any CPU
		{28D6AE2A-0C70-4C40-927C-650E95DE4A36}.Release|Any CPU.Build.0 = Release|Any CPU
	EndGlobalSection
	GlobalSection(SolutionProperties) = preSolution
		HideSolutionNode = FALSE
	EndGlobalSection
	GlobalSection(ExtensibilityGlobals) = postSolution
		SolutionGuid = {BB7B60D5-AD63-4337-B564-6DD3D78F0009}
	EndGlobalSection
EndGlobal
